# This file is automatically @generated by Cargo.
# It is not intended for manual editing.
version = 4

[[package]]
name = "conflict-core"
version = "0.1.0"
dependencies = [
 "memory-model",
]

[[package]]
name = "graph-core"
version = "0.1.0"
dependencies = [
 "memory-model",
]

[[package]]
name = "hash-core"
version = "0.1.0"

[[package]]
name = "json-mini"
version = "0.1.0"

[[package]]
name = "mcp-core"
version = "0.1.0"
dependencies = [
 "json-mini",
]

[[package]]
name = "mcp-http"
version = "0.1.0"
dependencies = [
 "json-mini",
 "mcp-core",
 "mcp-stdio",
 "memory-model",
 "memory-store",
]

[[package]]
name = "mcp-stdio"
version = "0.1.0"
dependencies = [
 "graph-core",
 "json-mini",
 "mcp-core",
 "memory-model",
 "memory-store",
 "okf-core",
]

[[package]]
name = "memory-model"
version = "0.1.0"

[[package]]
name = "memory-store"
version = "0.1.0"
dependencies = [
 "conflict-core",
 "graph-core",
 "hash-core",
 "memory-model",
 "okf-core",
]

[[package]]
name = "okf-core"
version = "0.1.0"
dependencies = [
 "memory-model",
]
